
Microsoft Visual Studio Solution File, Format Version 12.00
# Visual Studio Version 17
VisualStudioVersion = 17.11.35327.3
MinimumVisualStudioVersion = 10.0.40219.1
Project("{FAE04EC0-301F-11D3-BF4B-00C04F79EFBC}") = "MatrixEditor", "MatrixEditor\MatrixEditor.csproj", "{A9684B6F-6FF0-49B9-A990-D9DC081F5DAD}"
EndProject
Project("{8BC9CEB8-8B4A-11D0-8D11-00A0C91BC942}") = "Engine", "Engine\Engine.vcxproj", "{D154863C-42EB-467A-8D1B-7A6F50CB74D6}"
EndProject
Global
	GlobalSection(SolutionConfigurationPlatforms) = preSolution
		Debug|x64 = Debug|x64
		Release|x64 = Release|x64
	EndGlobalSection
	GlobalSection(ProjectConfigurationPlatforms) = postSolution
		{D154863C-42EB-467A-8D1B-7A6F50CB74D6}.Debug|x64.ActiveCfg = Debug|x64
		{D154863C-42EB-467A-8D1B-7A6F50CB74D6}.Debug|x64.Build.0 = Debug|x64
		{D154863C-42EB-467A-8D1B-7A6F50CB74D6}.Release|x64.ActiveCfg = Release|x64
		{D154863C-42EB-467A-8D1B-7A6F50CB74D6}.Release|x64.Build.0 = Release|x64
		{A9684B6F-6FF0-49B9-A990-D9DC081F5DAD}.Debug|x64.ActiveCfg = Debug|Any CPU
		{A9684B6F-6FF0-49B9-A990-D9DC081F5DAD}.Debug|x64.Build.0 = Debug|Any CPU
		{A9684B6F-6FF0-49B9-A990-D9DC081F5DAD}.Release|x64.ActiveCfg = Release|Any CPU
		{A9684B6F-6FF0-49B9-A990-D9DC081F5DAD}.Release|x64.Build.0 = Release|Any CPU
	EndGlobalSection
	GlobalSection(SolutionProperties) = preSolution
		HideSolutionNode = FALSE
	EndGlobalSection
	GlobalSection(ExtensibilityGlobals) = postSolution
		SolutionGuid = {06F19392-1EBF-40F5-8409-8AC04EE8FA45}
	EndGlobalSection
EndGlobal
